lock_version: 1
generated_at: '2026-07-26T00:54:44+09:00'
export_target: paper
tool_version: monocri 0.0.0
book_snapshot:
  title: 隣の爺さんのケーキ
  volume: 1
  edition: 初版
files:
- path: _novel_text/novel_text01.md
  sha256: 3eb1bf7bc63945d1eff156d80b64bcea220efbf47e085dcaa72844bcb9a4eb3e
  scenes:
  - ch01-001
  - ch01-002
  - ch01-003
  - ch01-004
- path: _novel_text/novel_text02.md
  sha256: ee1f33048224881cba1598edc3f9e750f9b23caebd8e269e081210c32f56cbaf
  scenes:
  - ch02-001
  - ch02-002
  - ch02-003
  - ch02-004
  - ch02-005
- path: _novel_text/novel_text03.md
  sha256: 504202ebe2426c0cc5cfc964cdc7e436a68f29472464bab9772de24fc47f719f
  scenes:
  - ch03-001
  - ch03-002
  - ch03-003
  - ch03-004
- path: _novel_text/novel_text04.md
  sha256: 30611dd6af1688b8d66523c6589809c360114832120b30f90e97e286d42ddb85
  scenes:
  - ch04-001
  - ch04-002
  - ch04-003
  - ch04-004
- path: book.yaml
  sha256: eab1660d8c860de987109565055476f3e560ead754c367bfeeb73a6b79729210
- path: book_matter/frontmatter/characters.md
  sha256: 011a64a89d4b2b739414ba93cafa2417d67c0126f1ceb001872e21e848883e3e
- path: cover.yaml
  sha256: b32098d4b4308ca18b5cf39ffc3ae9264a67c9e75f07542b222e73fe9b6f6844
- path: cover/assets/title_logo.png
  sha256: b352189d8f6564206683d8e13a5405b526fc5e6c1352e73bebb86440c4641d7e
- path: illustrations/_assets/illustration_00/cover_20260722_021622.png
  sha256: 8f188e172fc2d71d7930629ee82331aef79c6602103c489584f396fd68a45248
- path: illustrations/_assets/illustration_01/illust_001_20260722_021741.png
  sha256: 449ff511ee7f2dc2db42cee3f6220fdbc7d7ea42de4f5fe1716889e4e9e9486f
- path: illustrations/_assets/illustration_03/illust_003_20260722_022037.png
  sha256: 5841deda5f4cc8f6e27c3768077d966066a149743e214ecafaca0b5e84c2d85c
- path: illustrations/_assets/illustration_04/illust_004_20260722_022320.png
  sha256: ac3b6170537fa2522424d86a2a08b97a265b50c6d92dfce3b44d936dbcbe6cc7
- path: rights.yaml
  sha256: 4d4fe2c46b9932a00ccd39c3fe1187c33a63970f536f8beaf9d62f800823a431
illustrations:
- id: illust_001
  asset: illustrations/_assets/illustration_01/illust_001_20260722_021741.png
  sha256: 449ff511ee7f2dc2db42cee3f6220fdbc7d7ea42de4f5fe1716889e4e9e9486f
- id: illust_003
  asset: illustrations/_assets/illustration_03/illust_003_20260722_022037.png
  sha256: 5841deda5f4cc8f6e27c3768077d966066a149743e214ecafaca0b5e84c2d85c
- id: illust_004
  asset: illustrations/_assets/illustration_04/illust_004_20260722_022320.png
  sha256: ac3b6170537fa2522424d86a2a08b97a265b50c6d92dfce3b44d936dbcbe6cc7
- id: illust_cover
  asset: illustrations/_assets/illustration_00/cover_20260722_021622.png
  sha256: 8f188e172fc2d71d7930629ee82331aef79c6602103c489584f396fd68a45248
review_result:
  mode: export_gate
  errors: 0
  warnings: 9
rights_snapshot:
  copyright_notice: なし
